
Microsoft Visual Studio Solution File, Format Version 12.00
Project("{FAE04EC0-301F-11D3-BF4B-00C04F79EFBC}") = "Compression_Stockings_SWD", "Compression_Stockings_SWD\Compression_Stockings_SWD.csproj", "{B6E061A7-5D5C-4769-8D26-970665752918}"
EndProject
Project("{FAE04EC0-301F-11D3-BF4B-00C04F79EFBC}") = "CompressionStockingApplication", "CompressionStockingApplication\CompressionStockingApplication.csproj", "{14E8E7FC-DF7E-42E9-AC8C-00911CE21BC8}"
EndProject
Project("{FAE04EC0-301F-11D3-BF4B-00C04F79EFBC}") = "ECS", "..\ECS_Isolation\ECS\ECS.csproj", "{D6CD6CCE-DC69-47B7-8377-C6817AA349CC}"
EndProject
Global
	GlobalSection(SolutionConfigurationPlatforms) = preSolution
		Debug|Any CPU = Debug|Any CPU
		Release|Any CPU = Release|Any CPU
	EndGlobalSection
	GlobalSection(ProjectConfigurationPlatforms) = postSolution
		{B6E061A7-5D5C-4769-8D26-970665752918}.Debug|Any CPU.ActiveCfg = Debug|Any CPU
		{B6E061A7-5D5C-4769-8D26-970665752918}.Debug|Any CPU.Build.0 = Debug|Any CPU
		{B6E061A7-5D5C-4769-8D26-970665752918}.Release|Any CPU.ActiveCfg = Release|Any CPU
		{B6E061A7-5D5C-4769-8D26-970665752918}.Release|Any CPU.Build.0 = Release|Any CPU
		{14E8E7FC-DF7E-42E9-AC8C-00911CE21BC8}.Debug|Any CPU.ActiveCfg = Debug|Any CPU
		{14E8E7FC-DF7E-42E9-AC8C-00911CE21BC8}.Debug|Any CPU.Build.0 = Debug|Any CPU
		{14E8E7FC-DF7E-42E9-AC8C-00911CE21BC8}.Release|Any CPU.ActiveCfg = Release|Any CPU
		{14E8E7FC-DF7E-42E9-AC8C-00911CE21BC8}.Release|Any CPU.Build.0 = Release|Any CPU
		{D6CD6CCE-DC69-47B7-8377-C6817AA349CC}.Debug|Any CPU.ActiveCfg = Debug|Any CPU
		{D6CD6CCE-DC69-47B7-8377-C6817AA349CC}.Debug|Any CPU.Build.0 = Debug|Any CPU
		{D6CD6CCE-DC69-47B7-8377-C6817AA349CC}.Release|Any CPU.ActiveCfg = Release|Any CPU
		{D6CD6CCE-DC69-47B7-8377-C6817AA349CC}.Release|Any CPU.Build.0 = Release|Any CPU
	EndGlobalSection
EndGlobal
